
Microsoft Visual Studio Solution File, Format Version 12.00
# Visual Studio 15
VisualStudioVersion = 15.0.28010.2050
MinimumVisualStudioVersion = 10.0.40219.1
Project("{FAE04EC0-301F-11D3-BF4B-00C04F79EFBC}") = "App7.Android", "App7\App7.Android\App7.Android.csproj", "{F07AF83E-AAD2-4F8D-8D04-DDA610141462}"
EndProject
Project("{FAE04EC0-301F-11D3-BF4B-00C04F79EFBC}") = "App7.iOS", "App7\App7.iOS\App7.iOS.csproj", "{4AF7F878-CB8A-45F5-AE17-072B14277ADD}"
EndProject
Project("{FAE04EC0-301F-11D3-BF4B-00C04F79EFBC}") = "App7.UWP", "App7\App7.UWP\App7.UWP.csproj", "{9756E362-D166-41F3-ADCB-66A0D590A28B}"
EndProject
Project("{FAE04EC0-301F-11D3-BF4B-00C04F79EFBC}") = "App7", "App7\App7\App7.csproj", "{2F74E252-6E57-419C-8653-B4E1123D0EF1}"
EndProject
Global
	GlobalSection(SolutionConfigurationPlatforms) = preSolution
		Ad-Hoc|Any CPU = Ad-Hoc|Any CPU
		Ad-Hoc|ARM = Ad-Hoc|ARM
		Ad-Hoc|iPhone = Ad-Hoc|iPhone
		Ad-Hoc|iPhoneSimulator = Ad-Hoc|iPhoneSimulator
		Ad-Hoc|x64 = Ad-Hoc|x64
		Ad-Hoc|x86 = Ad-Hoc|x86
		AppStore|Any CPU = AppStore|Any CPU
		AppStore|ARM = AppStore|ARM
		AppStore|iPhone = AppStore|iPhone
		AppStore|iPhoneSimulator = AppStore|iPhoneSimulator
		AppStore|x64 = AppStore|x64
		AppStore|x86 = AppStore|x86
		Debug|Any CPU = Debug|Any CPU
		Debug|ARM = Debug|ARM
		Debug|iPhone = Debug|iPhone
		Debug|iPhoneSimulator = Debug|iPhoneSimulator
		Debug|x64 = Debug|x64
		Debug|x86 = Debug|x86
		Release|Any CPU = Release|Any CPU
		Release|ARM = Release|ARM
		Release|iPhone = Release|iPhone
		Release|iPhoneSimulator = Release|iPhoneSimulator
		Release|x64 = Release|x64
		Release|x86 = Release|x86
	EndGlobalSection
	GlobalSection(ProjectConfigurationPlatforms) = postSolution
		{F07AF83E-AAD2-4F8D-8D04-DDA610141462}.Ad-Hoc|Any CPU.ActiveCfg = Release|Any CPU
		{F07AF83E-AAD2-4F8D-8D04-DDA610141462}.Ad-Hoc|Any CPU.Build.0 = Release|Any CPU
		{F07AF83E-AAD2-4F8D-8D04-DDA610141462}.Ad-Hoc|Any CPU.Deploy.0 = Release|Any CPU
		{F07AF83E-AAD2-4F8D-8D04-DDA610141462}.Ad-Hoc|ARM.ActiveCfg = Release|Any CPU
		{F07AF83E-AAD2-4F8D-8D04-DDA610141462}.Ad-Hoc|ARM.Build.0 = Release|Any CPU
		{F07AF83E-AAD2-4F8D-8D04-DDA610141462}.Ad-Hoc|ARM.Deploy.0 = Release|Any CPU
		{F07AF83E-AAD2-4F8D-8D04-DDA610141462}.Ad-Hoc|iPhone.ActiveCfg = Release|Any CPU
		{F07AF83E-AAD2-4F8D-8D04-DDA610141462}.Ad-Hoc|iPhone.Build.0 = Release|Any CPU
		{F07AF83E-AAD2-4F8D-8D04-DDA610141462}.Ad-Hoc|iPhone.Deploy.0 = Release|Any CPU
		{F07AF83E-AAD2-4F8D-8D04-DDA610141462}.Ad-Hoc|iPhoneSimulator.ActiveCfg = Release|Any CPU
		{F07AF83E-AAD2-4F8D-8D04-DDA610141462}.Ad-Hoc|iPhoneSimulator.Build.0 = Release|Any CPU
		{F07AF83E-AAD2-4F8D-8D04-DDA610141462}.Ad-Hoc|iPhoneSimulator.Deploy.0 = Release|Any CPU
		{F07AF83E-AAD2-4F8D-8D04-DDA610141462}.Ad-Hoc|x64.ActiveCfg = Release|Any CPU
		{F07AF83E-AAD2-4F8D-8D04-DDA610141462}.Ad-Hoc|x64.Build.0 = Release|Any CPU
		{F07AF83E-AAD2-4F8D-8D04-DDA610141462}.Ad-Hoc|x64.Deploy.0 = Release|Any CPU
		{F07AF83E-AAD2-4F8D-8D04-DDA610141462}.Ad-Hoc|x86.ActiveCfg = Release|Any CPU
		{F07AF83E-AAD2-4F8D-8D04-DDA610141462}.Ad-Hoc|x86.Build.0 = Release|Any CPU
		{F07AF83E-AAD2-4F8D-8D04-DDA610141462}.Ad-Hoc|x86.Deploy.0 = Release|Any CPU
		{F07AF83E-AAD2-4F8D-8D04-DDA610141462}.AppStore|Any CPU.ActiveCfg = Release|Any CPU
		{F07AF83E-AAD2-4F8D-8D04-DDA610141462}.AppStore|Any CPU.Build.0 = Release|Any CPU
		{F07AF83E-AAD2-4F8D-8D04-DDA610141462}.AppStore|Any CPU.Deploy.0 = Release|Any CPU
		{F07AF83E-AAD2-4F8D-8D04-DDA610141462}.AppStore|ARM.ActiveCfg = Release|Any CPU
		{F07AF83E-AAD2-4F8D-8D04-DDA610141462}.AppStore|ARM.Build.0 = Release|Any CPU
		{F07AF83E-AAD2-4F8D-8D04-DDA610141462}.AppStore|ARM.Deploy.0 = Release|Any CPU
		{F07AF83E-AAD2-4F8D-8D04-DDA610141462}.AppStore|iPhone.ActiveCfg = Release|Any CPU
		{F07AF83E-AAD2-4F8D-8D04-DDA610141462}.AppStore|iPhone.Build.0 = Release|Any CPU
		{F07AF83E-AAD2-4F8D-8D04-DDA610141462}.AppStore|iPhone.Deploy.0 = Release|Any CPU
		{F07AF83E-AAD2-4F8D-8D04-DDA610141462}.AppStore|iPhoneSimulator.ActiveCfg = Release|Any CPU
		{F07AF83E-AAD2-4F8D-8D04-DDA610141462}.AppStore|iPhoneSimulator.Build.0 = Release|Any CPU
		{F07AF83E-AAD2-4F8D-8D04-DDA610141462}.AppStore|iPhoneSimulator.Deploy.0 = Release|Any CPU
		{F07AF83E-AAD2-4F8D-8D04-DDA610141462}.AppStore|x64.ActiveCfg = Release|Any CPU
		{F07AF83E-AAD2-4F8D-8D04-DDA610141462}.AppStore|x64.Build.0 = Release|Any CPU
		{F07AF83E-AAD2-4F8D-8D04-DDA610141462}.AppStore|x64.Deploy.0 = Release|Any CPU
		{F07AF83E-AAD2-4F8D-8D04-DDA610141462}.AppStore|x86.ActiveCfg = Release|Any CPU
		{F07AF83E-AAD2-4F8D-8D04-DDA610141462}.AppStore|x86.Build.0 = Release|Any CPU
		{F07AF83E-AAD2-4F8D-8D04-DDA610141462}.AppStore|x86.Deploy.0 = Release|Any CPU
		{F07AF83E-AAD2-4F8D-8D04-DDA610141462}.Debug|Any CPU.ActiveCfg = Debug|Any CPU
		{F07AF83E-AAD2-4F8D-8D04-DDA610141462}.Debug|Any CPU.Build.0 = Debug|Any CPU
		{F07AF83E-AAD2-4F8D-8D04-DDA610141462}.Debug|Any CPU.Deploy.0 = Debug|Any CPU
		{F07AF83E-AAD2-4F8D-8D04-DDA610141462}.Debug|ARM.ActiveCfg = Debug|Any CPU
		{F07AF83E-AAD2-4F8D-8D04-DDA610141462}.Debug|ARM.Build.0 = Debug|Any CPU
		{F07AF83E-AAD2-4F8D-8D04-DDA610141462}.Debug|ARM.Deploy.0 = Debug|Any CPU
		{F07AF83E-AAD2-4F8D-8D04-DDA610141462}.Debug|iPhone.ActiveCfg = Debug|Any CPU
		{F07AF83E-AAD2-4F8D-8D04-DDA610141462}.Debug|iPhone.Build.0 = Debug|Any CPU
		{F07AF83E-AAD2-4F8D-8D04-DDA610141462}.Debug|iPhone.Deploy.0 = Debug|Any CPU
		{F07AF83E-AAD2-4F8D-8D04-DDA610141462}.Debug|iPhoneSimulator.ActiveCfg = Debug|Any CPU
		{F07AF83E-AAD2-4F8D-8D04-DDA610141462}.Debug|iPhoneSimulator.Build.0 = Debug|Any CPU
		{F07AF83E-AAD2-4F8D-8D04-DDA610141462}.Debug|iPhoneSimulator.Deploy.0 = Debug|Any CPU
		{F07AF83E-AAD2-4F8D-8D04-DDA610141462}.Debug|x64.ActiveCfg = Debug|Any CPU
		{F07AF83E-AAD2-4F8D-8D04-DDA610141462}.Debug|x64.Build.0 = Debug|Any CPU
		{F07AF83E-AAD2-4F8D-8D04-DDA610141462}.Debug|x64.Deploy.0 = Debug|Any CPU
		{F07AF83E-AAD2-4F8D-8D04-DDA610141462}.Debug|x86.ActiveCfg = Debug|Any CPU
		{F07AF83E-AAD2-4F8D-8D04-DDA610141462}.Debug|x86.Build.0 = Debug|Any CPU
		{F07AF83E-AAD2-4F8D-8D04-DDA610141462}.Debug|x86.Deploy.0 = Debug|Any CPU
		{F07AF83E-AAD2-4F8D-8D04-DDA610141462}.Release|Any CPU.ActiveCfg = Release|Any CPU
		{F07AF83E-AAD2-4F8D-8D04-DDA610141462}.Release|Any CPU.Build.0 = Release|Any CPU
		{F07AF83E-AAD2-4F8D-8D04-DDA610141462}.Release|Any CPU.Deploy.0 = Release|Any CPU
		{F07AF83E-AAD2-4F8D-8D04-DDA610141462}.Release|ARM.ActiveCfg = Release|Any CPU
		{F07AF83E-AAD2-4F8D-8D04-DDA610141462}.Release|ARM.Build.0 = Release|Any CPU
		{F07AF83E-AAD2-4F8D-8D04-DDA610141462}.Release|ARM.Deploy.0 = Release|Any CPU
		{F07AF83E-AAD2-4F8D-8D04-DDA610141462}.Release|iPhone.ActiveCfg = Release|Any CPU
		{F07AF83E-AAD2-4F8D-8D04-DDA610141462}.Release|iPhone.Build.0 = Release|Any CPU
		{F07AF83E-AAD2-4F8D-8D04-DDA610141462}.Release|iPhone.Deploy.0 = Release|Any CPU
		{F07AF83E-AAD2-4F8D-8D04-DDA610141462}.Release|iPhoneSimulator.ActiveCfg = Release|Any CPU
		{F07AF83E-AAD2-4F8D-8D04-DDA610141462}.Release|iPhoneSimulator.Build.0 = Release|Any CPU
		{F07AF83E-AAD2-4F8D-8D04-DDA610141462}.Release|iPhoneSimulator.Deploy.0 = Release|Any CPU
		{F07AF83E-AAD2-4F8D-8D04-DDA610141462}.Release|x64.ActiveCfg = Release|Any CPU
		{F07AF83E-AAD2-4F8D-8D04-DDA610141462}.Release|x64.Build.0 = Release|Any CPU
		{F07AF83E-AAD2-4F8D-8D04-DDA610141462}.Release|x64.Deploy.0 = Release|Any CPU
		{F07AF83E-AAD2-4F8D-8D04-DDA610141462}.Release|x86.ActiveCfg = Release|Any CPU
		{F07AF83E-AAD2-4F8D-8D04-DDA610141462}.Release|x86.Build.0 = Release|Any CPU
		{F07AF83E-AAD2-4F8D-8D04-DDA610141462}.Release|x86.Deploy.0 = Release|Any CPU
		{4AF7F878-CB8A-45F5-AE17-072B14277ADD}.Ad-Hoc|Any CPU.ActiveCfg = Ad-Hoc|iPhone
		{4AF7F878-CB8A-45F5-AE17-072B14277ADD}.Ad-Hoc|Any CPU.Build.0 = Ad-Hoc|iPhone
		{4AF7F878-CB8A-45F5-AE17-072B14277ADD}.Ad-Hoc|Any CPU.Deploy.0 = Ad-Hoc|iPhone
		{4AF7F878-CB8A-45F5-AE17-072B14277ADD}.Ad-Hoc|ARM.ActiveCfg = Ad-Hoc|iPhone
		{4AF7F878-CB8A-45F5-AE17-072B14277ADD}.Ad-Hoc|ARM.Build.0 = Ad-Hoc|iPhone
		{4AF7F878-CB8A-45F5-AE17-072B14277ADD}.Ad-Hoc|ARM.Deploy.0 = Ad-Hoc|iPhone
		{4AF7F878-CB8A-45F5-AE17-072B14277ADD}.Ad-Hoc|iPhone.ActiveCfg = Ad-Hoc|iPhone
		{4AF7F878-CB8A-45F5-AE17-072B14277ADD}.Ad-Hoc|iPhone.Build.0 = Ad-Hoc|iPhone
		{4AF7F878-CB8A-45F5-AE17-072B14277ADD}.Ad-Hoc|iPhone.Deploy.0 = Ad-Hoc|iPhone
		{4AF7F878-CB8A-45F5-AE17-072B14277ADD}.Ad-Hoc|iPhoneSimulator.ActiveCfg = Ad-Hoc|iPhoneSimulator
		{4AF7F878-CB8A-45F5-AE17-072B14277ADD}.Ad-Hoc|iPhoneSimulator.Build.0 = Ad-Hoc|iPhoneSimulator
		{4AF7F878-CB8A-45F5-AE17-072B14277ADD}.Ad-Hoc|iPhoneSimulator.Deploy.0 = Ad-Hoc|iPhoneSimulator
		{4AF7F878-CB8A-45F5-AE17-072B14277ADD}.Ad-Hoc|x64.ActiveCfg = Ad-Hoc|iPhone
		{4AF7F878-CB8A-45F5-AE17-072B14277ADD}.Ad-Hoc|x64.Build.0 = Ad-Hoc|iPhone
		{4AF7F878-CB8A-45F5-AE17-072B14277ADD}.Ad-Hoc|x64.Deploy.0 = Ad-Hoc|iPhone
		{4AF7F878-CB8A-45F5-AE17-072B14277ADD}.Ad-Hoc|x86.ActiveCfg = Ad-Hoc|iPhone
		{4AF7F878-CB8A-45F5-AE17-072B14277ADD}.Ad-Hoc|x86.Build.0 = Ad-Hoc|iPhone
		{4AF7F878-CB8A-45F5-AE17-072B14277ADD}.Ad-Hoc|x86.Deploy.0 = Ad-Hoc|iPhone
		{4AF7F878-CB8A-45F5-AE17-072B14277ADD}.AppStore|Any CPU.ActiveCfg = AppStore|iPhone
		{4AF7F878-CB8A-45F5-AE17-072B14277ADD}.AppStore|Any CPU.Build.0 = AppStore|iPhone
		{4AF7F878-CB8A-45F5-AE17-072B14277ADD}.AppStore|Any CPU.Deploy.0 = AppStore|iPhone
		{4AF7F878-CB8A-45F5-AE17-072B14277ADD}.AppStore|ARM.ActiveCfg = AppStore|iPhone
		{4AF7F878-CB8A-45F5-AE17-072B14277ADD}.AppStore|ARM.Build.0 = AppStore|iPhone
		{4AF7F878-CB8A-45F5-AE17-072B14277ADD}.AppStore|ARM.Deploy.0 = AppStore|iPhone
		{4AF7F878-CB8A-45F5-AE17-072B14277ADD}.AppStore|iPhone.ActiveCfg = AppStore|iPhone
		{4AF7F878-CB8A-45F5-AE17-072B14277ADD}.AppStore|iPhone.Build.0 = AppStore|iPhone
		{4AF7F878-CB8A-45F5-AE17-072B14277ADD}.AppStore|iPhone.Deploy.0 = AppStore|iPhone
		{4AF7F878-CB8A-45F5-AE17-072B14277ADD}.AppStore|iPhoneSimulator.ActiveCfg = AppStore|iPhoneSimulator
		{4AF7F878-CB8A-45F5-AE17-072B14277ADD}.AppStore|iPhoneSimulator.Build.0 = AppStore|iPhoneSimulator
		{4AF7F878-CB8A-45F5-AE17-072B14277ADD}.AppStore|iPhoneSimulator.Deploy.0 = AppStore|iPhoneSimulator
		{4AF7F878-CB8A-45F5-AE17-072B14277ADD}.AppStore|x64.ActiveCfg = AppStore|iPhone
		{4AF7F878-CB8A-45F5-AE17-072B14277ADD}.AppStore|x64.Build.0 = AppStore|iPhone
		{4AF7F878-CB8A-45F5-AE17-072B14277ADD}.AppStore|x64.Deploy.0 = AppStore|iPhone
		{4AF7F878-CB8A-45F5-AE17-072B14277ADD}.AppStore|x86.ActiveCfg = AppStore|iPhone
		{4AF7F878-CB8A-45F5-AE17-072B14277ADD}.AppStore|x86.Build.0 = AppStore|iPhone
		{4AF7F878-CB8A-45F5-AE17-072B14277ADD}.AppStore|x86.Deploy.0 = AppStore|iPhone
		{4AF7F878-CB8A-45F5-AE17-072B14277ADD}.Debug|Any CPU.ActiveCfg = Debug|iPhoneSimulator
		{4AF7F878-CB8A-45F5-AE17-072B14277ADD}.Debug|Any CPU.Build.0 = Debug|iPhoneSimulator
		{4AF7F878-CB8A-45F5-AE17-072B14277ADD}.Debug|Any CPU.Deploy.0 = Debug|iPhoneSimulator
		{4AF7F878-CB8A-45F5-AE17-072B14277ADD}.Debug|ARM.ActiveCfg = Debug|iPhone
		{4AF7F878-CB8A-45F5-AE17-072B14277ADD}.Debug|ARM.Build.0 = Debug|iPhone
		{4AF7F878-CB8A-45F5-AE17-072B14277ADD}.Debug|ARM.Deploy.0 = Debug|iPhone
		{4AF7F878-CB8A-45F5-AE17-072B14277ADD}.Debug|iPhone.ActiveCfg = Debug|iPhone
		{4AF7F878-CB8A-45F5-AE17-072B14277ADD}.Debug|iPhone.Build.0 = Debug|iPhone
		{4AF7F878-CB8A-45F5-AE17-072B14277ADD}.Debug|iPhone.Deploy.0 = Debug|iPhone
		{4AF7F878-CB8A-45F5-AE17-072B14277ADD}.Debug|iPhoneSimulator.ActiveCfg = Debug|iPhoneSimulator
		{4AF7F878-CB8A-45F5-AE17-072B14277ADD}.Debug|iPhoneSimulator.Build.0 = Debug|iPhoneSimulator
		{4AF7F878-CB8A-45F5-AE17-072B14277ADD}.Debug|iPhoneSimulator.Deploy.0 = Debug|iPhoneSimulator
		{4AF7F878-CB8A-45F5-AE17-072B14277ADD}.Debug|x64.ActiveCfg = Debug|iPhone
		{4AF7F878-CB8A-45F5-AE17-072B14277ADD}.Debug|x64.Build.0 = Debug|iPhone
		{4AF7F878-CB8A-45F5-AE17-072B14277ADD}.Debug|x64.Deploy.0 = Debug|iPhone
		{4AF7F878-CB8A-45F5-AE17-072B14277ADD}.Debug|x86.ActiveCfg = Debug|iPhone
		{4AF7F878-CB8A-45F5-AE17-072B14277ADD}.Debug|x86.Build.0 = Debug|iPhone
		{4AF7F878-CB8A-45F5-AE17-072B14277ADD}.Debug|x86.Deploy.0 = Debug|iPhone
		{4AF7F878-CB8A-45F5-AE17-072B14277ADD}.Release|Any CPU.ActiveCfg = Release|iPhone
		{4AF7F878-CB8A-45F5-AE17-072B14277ADD}.Release|Any CPU.Build.0 = Release|iPhone
		{4AF7F878-CB8A-45F5-AE17-072B14277ADD}.Release|Any CPU.Deploy.0 = Release|iPhone
		{4AF7F878-CB8A-45F5-AE17-072B14277ADD}.Release|ARM.ActiveCfg = Release|iPhone
		{4AF7F878-CB8A-45F5-AE17-072B14277ADD}.Release|ARM.Build.0 = Release|iPhone
		{4AF7F878-CB8A-45F5-AE17-072B14277ADD}.Release|ARM.Deploy.0 = Release|iPhone
		{4AF7F878-CB8A-45F5-AE17-072B14277ADD}.Release|iPhone.ActiveCfg = Release|iPhone
		{4AF7F878-CB8A-45F5-AE17-072B14277ADD}.Release|iPhone.Build.0 = Release|iPhone
		{4AF7F878-CB8A-45F5-AE17-072B14277ADD}.Release|iPhone.Deploy.0 = Release|iPhone
		{4AF7F878-CB8A-45F5-AE17-072B14277ADD}.Release|iPhoneSimulator.ActiveCfg = Release|iPhoneSimulator
		{4AF7F878-CB8A-45F5-AE17-072B14277ADD}.Release|iPhoneSimulator.Build.0 = Release|iPhoneSimulator
		{4AF7F878-CB8A-45F5-AE17-072B14277ADD}.Release|iPhoneSimulator.Deploy.0 = Release|iPhoneSimulator
		{4AF7F878-CB8A-45F5-AE17-072B14277ADD}.Release|x64.ActiveCfg = Release|iPhone
		{4AF7F878-CB8A-45F5-AE17-072B14277ADD}.Release|x64.Build.0 = Release|iPhone
		{4AF7F878-CB8A-45F5-AE17-072B14277ADD}.Release|x64.Deploy.0 = Release|iPhone
		{4AF7F878-CB8A-45F5-AE17-072B14277ADD}.Release|x86.ActiveCfg = Release|iPhone
		{4AF7F878-CB8A-45F5-AE17-072B14277ADD}.Release|x86.Build.0 = Release|iPhone
		{4AF7F878-CB8A-45F5-AE17-072B14277ADD}.Release|x86.Deploy.0 = Release|iPhone
		{9756E362-D166-41F3-ADCB-66A0D590A28B}.Ad-Hoc|Any CPU.ActiveCfg = Release|x86
		{9756E362-D166-41F3-ADCB-66A0D590A28B}.Ad-Hoc|Any CPU.Build.0 = Release|x86
		{9756E362-D166-41F3-ADCB-66A0D590A28B}.Ad-Hoc|Any CPU.Deploy.0 = Release|x86
		{9756E362-D166-41F3-ADCB-66A0D590A28B}.Ad-Hoc|ARM.ActiveCfg = Release|ARM
		{9756E362-D166-41F3-ADCB-66A0D590A28B}.Ad-Hoc|ARM.Build.0 = Release|ARM
		{9756E362-D166-41F3-ADCB-66A0D590A28B}.Ad-Hoc|ARM.Deploy.0 = Release|ARM
		{9756E362-D166-41F3-ADCB-66A0D590A28B}.Ad-Hoc|iPhone.ActiveCfg = Release|x86
		{9756E362-D166-41F3-ADCB-66A0D590A28B}.Ad-Hoc|iPhone.Build.0 = Release|x86
		{9756E362-D166-41F3-ADCB-66A0D590A28B}.Ad-Hoc|iPhone.Deploy.0 = Release|x86
		{9756E362-D166-41F3-ADCB-66A0D590A28B}.Ad-Hoc|iPhoneSimulator.ActiveCfg = Release|x86
		{9756E362-D166-41F3-ADCB-66A0D590A28B}.Ad-Hoc|iPhoneSimulator.Build.0 = Release|x86
		{9756E362-D166-41F3-ADCB-66A0D590A28B}.Ad-Hoc|iPhoneSimulator.Deploy.0 = Release|x86
		{9756E362-D166-41F3-ADCB-66A0D590A28B}.Ad-Hoc|x64.ActiveCfg = Release|x64
		{9756E362-D166-41F3-ADCB-66A0D590A28B}.Ad-Hoc|x64.Build.0 = Release|x64
		{9756E362-D166-41F3-ADCB-66A0D590A28B}.Ad-Hoc|x64.Deploy.0 = Release|x64
		{9756E362-D166-41F3-ADCB-66A0D590A28B}.Ad-Hoc|x86.ActiveCfg = Release|x86
		{9756E362-D166-41F3-ADCB-66A0D590A28B}.Ad-Hoc|x86.Build.0 = Release|x86
		{9756E362-D166-41F3-ADCB-66A0D590A28B}.Ad-Hoc|x86.Deploy.0 = Release|x86
		{9756E362-D166-41F3-ADCB-66A0D590A28B}.AppStore|Any CPU.ActiveCfg = Release|x86
		{9756E362-D166-41F3-ADCB-66A0D590A28B}.AppStore|Any CPU.Build.0 = Release|x86
		{9756E362-D166-41F3-ADCB-66A0D590A28B}.AppStore|Any CPU.Deploy.0 = Release|x86
		{9756E362-D166-41F3-ADCB-66A0D590A28B}.AppStore|ARM.ActiveCfg = Release|ARM
		{9756E362-D166-41F3-ADCB-66A0D590A28B}.AppStore|ARM.Build.0 = Release|ARM
		{9756E362-D166-41F3-ADCB-66A0D590A28B}.AppStore|ARM.Deploy.0 = Release|ARM
		{9756E362-D166-41F3-ADCB-66A0D590A28B}.AppStore|iPhone.ActiveCfg = Release|x86
		{9756E362-D166-41F3-ADCB-66A0D590A28B}.AppStore|iPhone.Build.0 = Release|x86
		{9756E362-D166-41F3-ADCB-66A0D590A28B}.AppStore|iPhone.Deploy.0 = Release|x86
		{9756E362-D166-41F3-ADCB-66A0D590A28B}.AppStore|iPhoneSimulator.ActiveCfg = Release|x86
		{9756E362-D166-41F3-ADCB-66A0D590A28B}.AppStore|iPhoneSimulator.Build.0 = Release|x86
		{9756E362-D166-41F3-ADCB-66A0D590A28B}.AppStore|iPhoneSimulator.Deploy.0 = Release|x86
		{9756E362-D166-41F3-ADCB-66A0D590A28B}.AppStore|x64.ActiveCfg = Release|x64
		{9756E362-D166-41F3-ADCB-66A0D590A28B}.AppStore|x64.Build.0 = Release|x64
		{9756E362-D166-41F3-ADCB-66A0D590A28B}.AppStore|x64.Deploy.0 = Release|x64
		{9756E362-D166-41F3-ADCB-66A0D590A28B}.AppStore|x86.ActiveCfg = Release|x86
		{9756E362-D166-41F3-ADCB-66A0D590A28B}.AppStore|x86.Build.0 = Release|x86
		{9756E362-D166-41F3-ADCB-66A0D590A28B}.AppStore|x86.Deploy.0 = Release|x86
		{9756E362-D166-41F3-ADCB-66A0D590A28B}.Debug|Any CPU.ActiveCfg = Debug|x86
		{9756E362-D166-41F3-ADCB-66A0D590A28B}.Debug|Any CPU.Build.0 = Debug|x86
		{9756E362-D166-41F3-ADCB-66A0D590A28B}.Debug|Any CPU.Deploy.0 = Debug|x86
		{9756E362-D166-41F3-ADCB-66A0D590A28B}.Debug|ARM.ActiveCfg = Debug|ARM
		{9756E362-D166-41F3-ADCB-66A0D590A28B}.Debug|ARM.Build.0 = Debug|ARM
		{9756E362-D166-41F3-ADCB-66A0D590A28B}.Debug|ARM.Deploy.0 = Debug|ARM
		{9756E362-D166-41F3-ADCB-66A0D590A28B}.Debug|iPhone.ActiveCfg = Debug|x86
		{9756E362-D166-41F3-ADCB-66A0D590A28B}.Debug|iPhone.Build.0 = Debug|x86
		{9756E362-D166-41F3-ADCB-66A0D590A28B}.Debug|iPhone.Deploy.0 = Debug|x86
		{9756E362-D166-41F3-ADCB-66A0D590A28B}.Debug|iPhoneSimulator.ActiveCfg = Debug|x86
		{9756E362-D166-41F3-ADCB-66A0D590A28B}.Debug|iPhoneSimulator.Build.0 = Debug|x86
		{9756E362-D166-41F3-ADCB-66A0D590A28B}.Debug|iPhoneSimulator.Deploy.0 = Debug|x86
		{9756E362-D166-41F3-ADCB-66A0D590A28B}.Debug|x64.ActiveCfg = Debug|x64
		{9756E362-D166-41F3-ADCB-66A0D590A28B}.Debug|x64.Build.0 = Debug|x64
		{9756E362-D166-41F3-ADCB-66A0D590A28B}.Debug|x64.Deploy.0 = Debug|x64
		{9756E362-D166-41F3-ADCB-66A0D590A28B}.Debug|x86.ActiveCfg = Debug|x86
		{9756E362-D166-41F3-ADCB-66A0D590A28B}.Debug|x86.Build.0 = Debug|x86
		{9756E362-D166-41F3-ADCB-66A0D590A28B}.Debug|x86.Deploy.0 = Debug|x86
		{9756E362-D166-41F3-ADCB-66A0D590A28B}.Release|Any CPU.ActiveCfg = Release|x86
		{9756E362-D166-41F3-ADCB-66A0D590A28B}.Release|Any CPU.Build.0 = Release|x86
		{9756E362-D166-41F3-ADCB-66A0D590A28B}.Release|Any CPU.Deploy.0 = Release|x86
		{9756E362-D166-41F3-ADCB-66A0D590A28B}.Release|ARM.ActiveCfg = Release|ARM
		{9756E362-D166-41F3-ADCB-66A0D590A28B}.Release|ARM.Build.0 = Release|ARM
		{9756E362-D166-41F3-ADCB-66A0D590A28B}.Release|ARM.Deploy.0 = Release|ARM
		{9756E362-D166-41F3-ADCB-66A0D590A28B}.Release|iPhone.ActiveCfg = Release|x86
		{9756E362-D166-41F3-ADCB-66A0D590A28B}.Release|iPhone.Build.0 = Release|x86
		{9756E362-D166-41F3-ADCB-66A0D590A28B}.Release|iPhone.Deploy.0 = Release|x86
		{9756E362-D166-41F3-ADCB-66A0D590A28B}.Release|iPhoneSimulator.ActiveCfg = Release|x86
		{9756E362-D166-41F3-ADCB-66A0D590A28B}.Release|iPhoneSimulator.Build.0 = Release|x86
		{9756E362-D166-41F3-ADCB-66A0D590A28B}.Release|iPhoneSimulator.Deploy.0 = Release|x86
		{9756E362-D166-41F3-ADCB-66A0D590A28B}.Release|x64.ActiveCfg = Release|x64
		{9756E362-D166-41F3-ADCB-66A0D590A28B}.Release|x64.Build.0 = Release|x64
		{9756E362-D166-41F3-ADCB-66A0D590A28B}.Release|x64.Deploy.0 = Release|x64
		{9756E362-D166-41F3-ADCB-66A0D590A28B}.Release|x86.ActiveCfg = Release|x86
		{9756E362-D166-41F3-ADCB-66A0D590A28B}.Release|x86.Build.0 = Release|x86
		{9756E362-D166-41F3-ADCB-66A0D590A28B}.Release|x86.Deploy.0 = Release|x86
		{2F74E252-6E57-419C-8653-B4E1123D0EF1}.Ad-Hoc|Any CPU.ActiveCfg = Debug|Any CPU
		{2F74E252-6E57-419C-8653-B4E1123D0EF1}.Ad-Hoc|Any CPU.Build.0 = Debug|Any CPU
		{2F74E252-6E57-419C-8653-B4E1123D0EF1}.Ad-Hoc|Any CPU.Deploy.0 = Debug|Any CPU
		{2F74E252-6E57-419C-8653-B4E1123D0EF1}.Ad-Hoc|ARM.ActiveCfg = Debug|Any CPU
		{2F74E252-6E57-419C-8653-B4E1123D0EF1}.Ad-Hoc|ARM.Build.0 = Debug|Any CPU
		{2F74E252-6E57-419C-8653-B4E1123D0EF1}.Ad-Hoc|ARM.Deploy.0 = Debug|Any CPU
		{2F74E252-6E57-419C-8653-B4E1123D0EF1}.Ad-Hoc|iPhone.ActiveCfg = Debug|Any CPU
		{2F74E252-6E57-419C-8653-B4E1123D0EF1}.Ad-Hoc|iPhone.Build.0 = Debug|Any CPU
		{2F74E252-6E57-419C-8653-B4E1123D0EF1}.Ad-Hoc|iPhone.Deploy.0 = Debug|Any CPU
		{2F74E252-6E57-419C-8653-B4E1123D0EF1}.Ad-Hoc|iPhoneSimulator.ActiveCfg = Debug|Any CPU
		{2F74E252-6E57-419C-8653-B4E1123D0EF1}.Ad-Hoc|iPhoneSimulator.Build.0 = Debug|Any CPU
		{2F74E252-6E57-419C-8653-B4E1123D0EF1}.Ad-Hoc|iPhoneSimulator.Deploy.0 = Debug|Any CPU
		{2F74E252-6E57-419C-8653-B4E1123D0EF1}.Ad-Hoc|x64.ActiveCfg = Debug|Any CPU
		{2F74E252-6E57-419C-8653-B4E1123D0EF1}.Ad-Hoc|x64.Build.0 = Debug|Any CPU
		{2F74E252-6E57-419C-8653-B4E1123D0EF1}.Ad-Hoc|x64.Deploy.0 = Debug|Any CPU
		{2F74E252-6E57-419C-8653-B4E1123D0EF1}.Ad-Hoc|x86.ActiveCfg = Debug|Any CPU
		{2F74E252-6E57-419C-8653-B4E1123D0EF1}.Ad-Hoc|x86.Build.0 = Debug|Any CPU
		{2F74E252-6E57-419C-8653-B4E1123D0EF1}.Ad-Hoc|x86.Deploy.0 = Debug|Any CPU
		{2F74E252-6E57-419C-8653-B4E1123D0EF1}.AppStore|Any CPU.ActiveCfg = Debug|Any CPU
		{2F74E252-6E57-419C-8653-B4E1123D0EF1}.AppStore|Any CPU.Build.0 = Debug|Any CPU
		{2F74E252-6E57-419C-8653-B4E1123D0EF1}.AppStore|Any CPU.Deploy.0 = Debug|Any CPU
		{2F74E252-6E57-419C-8653-B4E1123D0EF1}.AppStore|ARM.ActiveCfg = Debug|Any CPU
		{2F74E252-6E57-419C-8653-B4E1123D0EF1}.AppStore|ARM.Build.0 = Debug|Any CPU
		{2F74E252-6E57-419C-8653-B4E1123D0EF1}.AppStore|ARM.Deploy.0 = Debug|Any CPU
		{2F74E252-6E57-419C-8653-B4E1123D0EF1}.AppStore|iPhone.ActiveCfg = Debug|Any CPU
		{2F74E252-6E57-419C-8653-B4E1123D0EF1}.AppStore|iPhone.Build.0 = Debug|Any CPU
		{2F74E252-6E57-419C-8653-B4E1123D0EF1}.AppStore|iPhone.Deploy.0 = Debug|Any CPU
		{2F74E252-6E57-419C-8653-B4E1123D0EF1}.AppStore|iPhoneSimulator.ActiveCfg = Debug|Any CPU
		{2F74E252-6E57-419C-8653-B4E1123D0EF1}.AppStore|iPhoneSimulator.Build.0 = Debug|Any CPU
		{2F74E252-6E57-419C-8653-B4E1123D0EF1}.AppStore|iPhoneSimulator.Deploy.0 = Debug|Any CPU
		{2F74E252-6E57-419C-8653-B4E1123D0EF1}.AppStore|x64.ActiveCfg = Debug|Any CPU
		{2F74E252-6E57-419C-8653-B4E1123D0EF1}.AppStore|x64.Build.0 = Debug|Any CPU
		{2F74E252-6E57-419C-8653-B4E1123D0EF1}.AppStore|x64.Deploy.0 = Debug|Any CPU
		{2F74E252-6E57-419C-8653-B4E1123D0EF1}.AppStore|x86.ActiveCfg = Debug|Any CPU
		{2F74E252-6E57-419C-8653-B4E1123D0EF1}.AppStore|x86.Build.0 = Debug|Any CPU
		{2F74E252-6E57-419C-8653-B4E1123D0EF1}.AppStore|x86.Deploy.0 = Debug|Any CPU
		{2F74E252-6E57-419C-8653-B4E1123D0EF1}.Debug|Any CPU.ActiveCfg = Debug|Any CPU
		{2F74E252-6E57-419C-8653-B4E1123D0EF1}.Debug|Any CPU.Build.0 = Debug|Any CPU
		{2F74E252-6E57-419C-8653-B4E1123D0EF1}.Debug|Any CPU.Deploy.0 = Debug|Any CPU
		{2F74E252-6E57-419C-8653-B4E1123D0EF1}.Debug|ARM.ActiveCfg = Debug|Any CPU
		{2F74E252-6E57-419C-8653-B4E1123D0EF1}.Debug|ARM.Build.0 = Debug|Any CPU
		{2F74E252-6E57-419C-8653-B4E1123D0EF1}.Debug|ARM.Deploy.0 = Debug|Any CPU
		{2F74E252-6E57-419C-8653-B4E1123D0EF1}.Debug|iPhone.ActiveCfg = Debug|Any CPU
		{2F74E252-6E57-419C-8653-B4E1123D0EF1}.Debug|iPhone.Build.0 = Debug|Any CPU
		{2F74E252-6E57-419C-8653-B4E1123D0EF1}.Debug|iPhone.Deploy.0 = Debug|Any CPU
		{2F74E252-6E57-419C-8653-B4E1123D0EF1}.Debug|iPhoneSimulator.ActiveCfg = Debug|Any CPU
		{2F74E252-6E57-419C-8653-B4E1123D0EF1}.Debug|iPhoneSimulator.Build.0 = Debug|Any CPU
		{2F74E252-6E57-419C-8653-B4E1123D0EF1}.Debug|iPhoneSimulator.Deploy.0 = Debug|Any CPU
		{2F74E252-6E57-419C-8653-B4E1123D0EF1}.Debug|x64.ActiveCfg = Debug|Any CPU
		{2F74E252-6E57-419C-8653-B4E1123D0EF1}.Debug|x64.Build.0 = Debug|Any CPU
		{2F74E252-6E57-419C-8653-B4E1123D0EF1}.Debug|x64.Deploy.0 = Debug|Any CPU
		{2F74E252-6E57-419C-8653-B4E1123D0EF1}.Debug|x86.ActiveCfg = Debug|Any CPU
		{2F74E252-6E57-419C-8653-B4E1123D0EF1}.Debug|x86.Build.0 = Debug|Any CPU
		{2F74E252-6E57-419C-8653-B4E1123D0EF1}.Debug|x86.Deploy.0 = Debug|Any CPU
		{2F74E252-6E57-419C-8653-B4E1123D0EF1}.Release|Any CPU.ActiveCfg = Release|Any CPU
		{2F74E252-6E57-419C-8653-B4E1123D0EF1}.Release|Any CPU.Build.0 = Release|Any CPU
		{2F74E252-6E57-419C-8653-B4E1123D0EF1}.Release|Any CPU.Deploy.0 = Release|Any CPU
		{2F74E252-6E57-419C-8653-B4E1123D0EF1}.Release|ARM.ActiveCfg = Release|Any CPU
		{2F74E252-6E57-419C-8653-B4E1123D0EF1}.Release|ARM.Build.0 = Release|Any CPU
		{2F74E252-6E57-419C-8653-B4E1123D0EF1}.Release|ARM.Deploy.0 = Release|Any CPU
		{2F74E252-6E57-419C-8653-B4E1123D0EF1}.Release|iPhone.ActiveCfg = Release|Any CPU
		{2F74E252-6E57-419C-8653-B4E1123D0EF1}.Release|iPhone.Build.0 = Release|Any CPU
		{2F74E252-6E57-419C-8653-B4E1123D0EF1}.Release|iPhone.Deploy.0 = Release|Any CPU
		{2F74E252-6E57-419C-8653-B4E1123D0EF1}.Release|iPhoneSimulator.ActiveCfg = Release|Any CPU
		{2F74E252-6E57-419C-8653-B4E1123D0EF1}.Release|iPhoneSimulator.Build.0 = Release|Any CPU
		{2F74E252-6E57-419C-8653-B4E1123D0EF1}.Release|iPhoneSimulator.Deploy.0 = Release|Any CPU
		{2F74E252-6E57-419C-8653-B4E1123D0EF1}.Release|x64.ActiveCfg = Release|Any CPU
		{2F74E252-6E57-419C-8653-B4E1123D0EF1}.Release|x64.Build.0 = Release|Any CPU
		{2F74E252-6E57-419C-8653-B4E1123D0EF1}.Release|x64.Deploy.0 = Release|Any CPU
		{2F74E252-6E57-419C-8653-B4E1123D0EF1}.Release|x86.ActiveCfg = Release|Any CPU
		{2F74E252-6E57-419C-8653-B4E1123D0EF1}.Release|x86.Build.0 = Release|Any CPU
		{2F74E252-6E57-419C-8653-B4E1123D0EF1}.Release|x86.Deploy.0 = Release|Any CPU
	EndGlobalSection
	GlobalSection(SolutionProperties) = preSolution
		HideSolutionNode = FALSE
	EndGlobalSection
	GlobalSection(ExtensibilityGlobals) = postSolution
		SolutionGuid = {8902C058-8BDC-4D66-B0F8-E1119D1E8765}
	EndGlobalSection
EndGlobal
